
Microsoft Visual Studio Solution File, Format Version 12.00
# Visual Studio 2013
VisualStudioVersion = 12.0.31101.0
MinimumVisualStudioVersion = 10.0.40219.1
Project("{FAE04EC0-301F-11D3-BF4B-00C04F79EFBC}") = "HotelAdvisor", "HotelAdvisor\HotelAdvisor.csproj", "{ECBCD6E2-E0CB-445B-85F8-E8F5D31F0914}"
EndProject
Project("{2150E333-8FDC-42A3-9474-1A3956D46DE8}") = "Web", "Web", "{23BA3016-C9B0-4868-B7A0-05836BD50DC8}"
EndProject
Project("{2150E333-8FDC-42A3-9474-1A3956D46DE8}") = "Windows", "Windows", "{6606403E-5EEA-4D63-A8EF-EFC8D6658240}"
EndProject
Project("{FAE04EC0-301F-11D3-BF4B-00C04F79EFBC}") = "HotelAdvisor.Windows.ApiClient", "HotelAdvisor.Windows.ApiClient\HotelAdvisor.Windows.ApiClient.csproj", "{7DE07613-9903-436F-AF04-FBCDB9AEA2FD}"
EndProject
Project("{FAE04EC0-301F-11D3-BF4B-00C04F79EFBC}") = "HotelAdvisor.Windows.ApiModels", "HotelAdvisor.Windows.ApiModels\HotelAdvisor.Windows.ApiModels.csproj", "{19D014AB-A9B3-41EF-86C6-23DD32428565}"
EndProject
Global
	GlobalSection(SolutionConfigurationPlatforms) = preSolution
		Debug|Any CPU = Debug|Any CPU
		Release|Any CPU = Release|Any CPU
	EndGlobalSection
	GlobalSection(ProjectConfigurationPlatforms) = postSolution
		{ECBCD6E2-E0CB-445B-85F8-E8F5D31F0914}.Debug|Any CPU.ActiveCfg = Debug|Any CPU
		{ECBCD6E2-E0CB-445B-85F8-E8F5D31F0914}.Debug|Any CPU.Build.0 = Debug|Any CPU
		{ECBCD6E2-E0CB-445B-85F8-E8F5D31F0914}.Release|Any CPU.ActiveCfg = Release|Any CPU
		{ECBCD6E2-E0CB-445B-85F8-E8F5D31F0914}.Release|Any CPU.Build.0 = Release|Any CPU
		{7DE07613-9903-436F-AF04-FBCDB9AEA2FD}.Debug|Any CPU.ActiveCfg = Debug|Any CPU
		{7DE07613-9903-436F-AF04-FBCDB9AEA2FD}.Debug|Any CPU.Build.0 = Debug|Any CPU
		{7DE07613-9903-436F-AF04-FBCDB9AEA2FD}.Release|Any CPU.ActiveCfg = Release|Any CPU
		{7DE07613-9903-436F-AF04-FBCDB9AEA2FD}.Release|Any CPU.Build.0 = Release|Any CPU
		{19D014AB-A9B3-41EF-86C6-23DD32428565}.Debug|Any CPU.ActiveCfg = Debug|Any CPU
		{19D014AB-A9B3-41EF-86C6-23DD32428565}.Debug|Any CPU.Build.0 = Debug|Any CPU
		{19D014AB-A9B3-41EF-86C6-23DD32428565}.Release|Any CPU.ActiveCfg = Release|Any CPU
		{19D014AB-A9B3-41EF-86C6-23DD32428565}.Release|Any CPU.Build.0 = Release|Any CPU
	EndGlobalSection
	GlobalSection(SolutionProperties) = preSolution
		HideSolutionNode = FALSE
	EndGlobalSection
	GlobalSection(NestedProjects) = preSolution
		{ECBCD6E2-E0CB-445B-85F8-E8F5D31F0914} = {23BA3016-C9B0-4868-B7A0-05836BD50DC8}
		{7DE07613-9903-436F-AF04-FBCDB9AEA2FD} = {6606403E-5EEA-4D63-A8EF-EFC8D6658240}
		{19D014AB-A9B3-41EF-86C6-23DD32428565} = {6606403E-5EEA-4D63-A8EF-EFC8D6658240}
	EndGlobalSection
EndGlobal
